
Microsoft Visual Studio Solution File, Format Version 12.00
# Visual Studio Version 16
VisualStudioVersion = 16.0.29230.47
MinimumVisualStudioVersion = 10.0.40219.1
Project("{8BC9CEB8-8B4A-11D0-8D11-00A0C91BC942}") = "BlosserCS285Week8Assignment", "BlosserCS285Week8Assignment\BlosserCS285Week8Assignment.vcxproj", "{C70C5F95-BF1F-4615-A655-EA968766AE18}"
EndProject
Global
	GlobalSection(SolutionConfigurationPlatforms) = preSolution
		Debug|x64 = Debug|x64
		Debug|x86 = Debug|x86
		Release|x64 = Release|x64
		Release|x86 = Release|x86
	EndGlobalSection
	GlobalSection(ProjectConfigurationPlatforms) = postSolution
		{C70C5F95-BF1F-4615-A655-EA968766AE18}.Debug|x64.ActiveCfg = Debug|x64
		{C70C5F95-BF1F-4615-A655-EA968766AE18}.Debug|x64.Build.0 = Debug|x64
		{C70C5F95-BF1F-4615-A655-EA968766AE18}.Debug|x86.ActiveCfg = Debug|Win32
		{C70C5F95-BF1F-4615-A655-EA968766AE18}.Debug|x86.Build.0 = Debug|Win32
		{C70C5F95-BF1F-4615-A655-EA968766AE18}.Release|x64.ActiveCfg = Release|x64
		{C70C5F95-BF1F-4615-A655-EA968766AE18}.Release|x64.Build.0 = Release|x64
		{C70C5F95-BF1F-4615-A655-EA968766AE18}.Release|x86.ActiveCfg = Release|Win32
		{C70C5F95-BF1F-4615-A655-EA968766AE18}.Release|x86.Build.0 = Release|Win32
	EndGlobalSection
	GlobalSection(SolutionProperties) = preSolution
		HideSolutionNode = FALSE
	EndGlobalSection
	GlobalSection(ExtensibilityGlobals) = postSolution
		SolutionGuid = {80B725C5-05BB-41C6-A0F2-CB65A1C57B96}
	EndGlobalSection
EndGlobal
