
Microsoft Visual Studio Solution File, Format Version 12.00
# Visual Studio Version 16
VisualStudioVersion = 16.0.29230.47
MinimumVisualStudioVersion = 10.0.40219.1
Project("{8BC9CEB8-8B4A-11D0-8D11-00A0C91BC942}") = "BlosserCS285Week2Assignment", "BlosserCS285Week2Assignment\BlosserCS285Week2Assignment.vcxproj", "{C1794ACC-24E3-4DAA-97CF-C0F4193171BF}"
EndProject
Global
	GlobalSection(SolutionConfigurationPlatforms) = preSolution
		Debug|x64 = Debug|x64
		Debug|x86 = Debug|x86
		Release|x64 = Release|x64
		Release|x86 = Release|x86
	EndGlobalSection
	GlobalSection(ProjectConfigurationPlatforms) = postSolution
		{C1794ACC-24E3-4DAA-97CF-C0F4193171BF}.Debug|x64.ActiveCfg = Debug|x64
		{C1794ACC-24E3-4DAA-97CF-C0F4193171BF}.Debug|x64.Build.0 = Debug|x64
		{C1794ACC-24E3-4DAA-97CF-C0F4193171BF}.Debug|x86.ActiveCfg = Debug|Win32
		{C1794ACC-24E3-4DAA-97CF-C0F4193171BF}.Debug|x86.Build.0 = Debug|Win32
		{C1794ACC-24E3-4DAA-97CF-C0F4193171BF}.Release|x64.ActiveCfg = Release|x64
		{C1794ACC-24E3-4DAA-97CF-C0F4193171BF}.Release|x64.Build.0 = Release|x64
		{C1794ACC-24E3-4DAA-97CF-C0F4193171BF}.Release|x86.ActiveCfg = Release|Win32
		{C1794ACC-24E3-4DAA-97CF-C0F4193171BF}.Release|x86.Build.0 = Release|Win32
	EndGlobalSection
	GlobalSection(SolutionProperties) = preSolution
		HideSolutionNode = FALSE
	EndGlobalSection
	GlobalSection(ExtensibilityGlobals) = postSolution
		SolutionGuid = {4D854BAF-97A6-45AF-9BB1-66668C5CE05F}
	EndGlobalSection
EndGlobal
