
Microsoft Visual Studio Solution File, Format Version 12.00
# Visual Studio Version 16
VisualStudioVersion = 16.0.29230.47
MinimumVisualStudioVersion = 10.0.40219.1
Project("{8BC9CEB8-8B4A-11D0-8D11-00A0C91BC942}") = "BlosserCS285Week5Assignment", "BlosserCS285Week5Assignment\BlosserCS285Week5Assignment.vcxproj", "{6029FB8A-214D-41C8-B4EC-D51B12C801D6}"
EndProject
Global
	GlobalSection(SolutionConfigurationPlatforms) = preSolution
		Debug|x64 = Debug|x64
		Debug|x86 = Debug|x86
		Release|x64 = Release|x64
		Release|x86 = Release|x86
	EndGlobalSection
	GlobalSection(ProjectConfigurationPlatforms) = postSolution
		{6029FB8A-214D-41C8-B4EC-D51B12C801D6}.Debug|x64.ActiveCfg = Debug|x64
		{6029FB8A-214D-41C8-B4EC-D51B12C801D6}.Debug|x64.Build.0 = Debug|x64
		{6029FB8A-214D-41C8-B4EC-D51B12C801D6}.Debug|x86.ActiveCfg = Debug|Win32
		{6029FB8A-214D-41C8-B4EC-D51B12C801D6}.Debug|x86.Build.0 = Debug|Win32
		{6029FB8A-214D-41C8-B4EC-D51B12C801D6}.Release|x64.ActiveCfg = Release|x64
		{6029FB8A-214D-41C8-B4EC-D51B12C801D6}.Release|x64.Build.0 = Release|x64
		{6029FB8A-214D-41C8-B4EC-D51B12C801D6}.Release|x86.ActiveCfg = Release|Win32
		{6029FB8A-214D-41C8-B4EC-D51B12C801D6}.Release|x86.Build.0 = Release|Win32
	EndGlobalSection
	GlobalSection(SolutionProperties) = preSolution
		HideSolutionNode = FALSE
	EndGlobalSection
	GlobalSection(ExtensibilityGlobals) = postSolution
		SolutionGuid = {C9B56508-3890-4C85-BD0C-BC880F4131E5}
	EndGlobalSection
EndGlobal
